
Microsoft Visual Studio Solution File, Format Version 12.00
# Visual Studio Version 17
VisualStudioVersion = 17.14.36109.1 d17.14
MinimumVisualStudioVersion = 10.0.40219.1
Project("{FAE04EC0-301F-11D3-BF4B-00C04F79EFBC}") = "BusinessB.Api", "BusinessB.Api\BusinessB.Api.csproj", "{9E0CCCDE-98A0-4E43-A00E-0D4A31EFE9C4}"
EndProject
Global
	GlobalSection(SolutionConfigurationPlatforms) = preSolution
		Debug|Any CPU = Debug|Any CPU
		Release|Any CPU = Release|Any CPU
	EndGlobalSection
	GlobalSection(ProjectConfigurationPlatforms) = postSolution
		{9E0CCCDE-98A0-4E43-A00E-0D4A31EFE9C4}.Debug|Any CPU.ActiveCfg = Debug|Any CPU
		{9E0CCCDE-98A0-4E43-A00E-0D4A31EFE9C4}.Debug|Any CPU.Build.0 = Debug|Any CPU
		{9E0CCCDE-98A0-4E43-A00E-0D4A31EFE9C4}.Release|Any CPU.ActiveCfg = Release|Any CPU
		{9E0CCCDE-98A0-4E43-A00E-0D4A31EFE9C4}.Release|Any CPU.Build.0 = Release|Any CPU
	EndGlobalSection
	GlobalSection(SolutionProperties) = preSolution
		HideSolutionNode = FALSE
	EndGlobalSection
	GlobalSection(ExtensibilityGlobals) = postSolution
		SolutionGuid = {A7663D41-4B10-4C44-BB2F-6CAE7A3BB649}
	EndGlobalSection
EndGlobal
