
Microsoft Visual Studio Solution File, Format Version 12.00
# Visual Studio Version 17
VisualStudioVersion = 17.14.36109.1
MinimumVisualStudioVersion = 10.0.40219.1
Project("{FAE04EC0-301F-11D3-BF4B-00C04F79EFBC}") = "BusinessB.Api", "BusinessB.Api\BusinessB.Api.csproj", "{9E0CCCDE-98A0-4E43-A00E-0D4A31EFE9C4}"
EndProject
Project("{2150E333-8FDC-42A3-9474-1A3956D46DE8}") = "Core", "Core", "{FBF56CC3-7AE6-AD2D-3F14-7F97FD322CD6}"
EndProject
Project("{2150E333-8FDC-42A3-9474-1A3956D46DE8}") = "Application", "Application", "{E12A579A-FC4D-036E-FC04-65A50936A0DE}"
EndProject
Project("{FAE04EC0-301F-11D3-BF4B-00C04F79EFBC}") = "Application", "Core\Application\Application\Application.csproj", "{CB1BCAB9-8F81-45DB-9D26-A97232F9985C}"
EndProject
Project("{FAE04EC0-301F-11D3-BF4B-00C04F79EFBC}") = "Application.Shared", "Core\Application\Application.Shared\Application.Shared.csproj", "{25E5F043-15CC-4ABD-AB83-BD4FA1623EA0}"
EndProject
Project("{2150E333-8FDC-42A3-9474-1A3956D46DE8}") = "Domain", "Domain", "{BF9E48C0-540A-8659-238F-508DAA36C929}"
EndProject
Project("{FAE04EC0-301F-11D3-BF4B-00C04F79EFBC}") = "Domain", "Core\Domain\Domain\Domain.csproj", "{02DA8D17-E2D4-4E5F-B45D-4781257F9F57}"
EndProject
Project("{FAE04EC0-301F-11D3-BF4B-00C04F79EFBC}") = "Domain.Shared", "Core\Domain\Domain.Shared\Domain.Shared.csproj", "{91CDBF6C-1F95-4E89-8920-07497E413A89}"
EndProject
Project("{2150E333-8FDC-42A3-9474-1A3956D46DE8}") = "Infrastructure", "Infrastructure", "{619D0779-12AD-93E9-9F71-8F763DE1FC31}"
EndProject
Project("{2150E333-8FDC-42A3-9474-1A3956D46DE8}") = "Service", "Service", "{0E4B76DB-2928-D2DB-50E7-675EC558DD98}"
EndProject
Project("{FAE04EC0-301F-11D3-BF4B-00C04F79EFBC}") = "Infrastructure.Services.Abstractions", "Core\Infrastructure\Service\Infrastructure.Services.Abstractions\Infrastructure.Services.Abstractions.csproj", "{11DC2B8D-5D4D-4807-B8EC-F1E25815A47F}"
EndProject
Project("{2150E333-8FDC-42A3-9474-1A3956D46DE8}") = "Modules", "Modules", "{91A7548F-05EA-7896-024B-6AB04DE2FD94}"
EndProject
Project("{2150E333-8FDC-42A3-9474-1A3956D46DE8}") = "Authentication", "Authentication", "{CBEE9053-C2C5-5643-D2B0-60D4834AB7A5}"
EndProject
Project("{FAE04EC0-301F-11D3-BF4B-00C04F79EFBC}") = "Modules.Authentication.Abstractions", "Core\Modules\Authentication\Modules.Authentication.Abstractions\Modules.Authentication.Abstractions.csproj", "{A257A078-8209-47BC-8A25-1166781900DB}"
EndProject
Project("{2150E333-8FDC-42A3-9474-1A3956D46DE8}") = "Document", "Document", "{893DE683-2FE6-C899-4E91-2339C7704BB2}"
EndProject
Project("{FAE04EC0-301F-11D3-BF4B-00C04F79EFBC}") = "Modules.Document.Abstractions", "Core\Modules\Document\Modules.Document.Abstractions\Modules.Document.Abstractions.csproj", "{71715061-D1F5-4F0A-AA65-7D7034B70217}"
EndProject
Project("{2150E333-8FDC-42A3-9474-1A3956D46DE8}") = "Localization", "Localization", "{58BB8306-9DA0-86C6-6588-4C1B93D37A3C}"
EndProject
Project("{FAE04EC0-301F-11D3-BF4B-00C04F79EFBC}") = "Modules.Localization.Abstractions", "Core\Modules\Localization\Modules.Localization.Abstractions\Modules.Localization.Abstractions.csproj", "{93201416-07CE-4F7E-8570-E619B12246F3}"
EndProject
Project("{2150E333-8FDC-42A3-9474-1A3956D46DE8}") = "Storage", "Storage", "{5437001E-71C5-7795-427E-12516BF3DE48}"
EndProject
Project("{FAE04EC0-301F-11D3-BF4B-00C04F79EFBC}") = "Modules.Storage.Abstractions", "Core\Modules\Storage\Modules.Storage.Abstractions\Modules.Storage.Abstractions.csproj", "{F231528F-D399-4D98-A2B7-653841055C4C}"
EndProject
Project("{FAE04EC0-301F-11D3-BF4B-00C04F79EFBC}") = "Modules.Storage.Azure", "Core\Modules\Storage\Modules.Storage.Azure\Modules.Storage.Azure.csproj", "{D15EB5CB-0C69-4890-BF51-3720CD164A22}"
EndProject
Project("{FAE04EC0-301F-11D3-BF4B-00C04F79EFBC}") = "Modules.Storage.Local", "Core\Modules\Storage\Modules.Storage.Local\Modules.Storage.Local.csproj", "{ED72D097-62BB-44F2-9B67-DE56855F0FE0}"
EndProject
Project("{2150E333-8FDC-42A3-9474-1A3956D46DE8}") = "Web", "Web", "{86927433-4498-5B57-4B9A-98E7BAB0594A}"
EndProject
Project("{FAE04EC0-301F-11D3-BF4B-00C04F79EFBC}") = "Web.Api.Common", "Core\Web\Web.Api.Common\Web.Api.Common.csproj", "{68CC1F64-7E0E-47F9-B691-77C6718E134D}"
EndProject
Project("{FAE04EC0-301F-11D3-BF4B-00C04F79EFBC}") = "Web.Common", "Core\Web\Web.Common\Web.Common.csproj", "{1D0AF5D1-DD03-4ED3-9E86-7E0397B8D45A}"
EndProject
Global
	GlobalSection(SolutionConfigurationPlatforms) = preSolution
		Debug|Any CPU = Debug|Any CPU
		Debug|x64 = Debug|x64
		Debug|x86 = Debug|x86
		Release|Any CPU = Release|Any CPU
		Release|x64 = Release|x64
		Release|x86 = Release|x86
	EndGlobalSection
	GlobalSection(ProjectConfigurationPlatforms) = postSolution
		{9E0CCCDE-98A0-4E43-A00E-0D4A31EFE9C4}.Debug|Any CPU.ActiveCfg = Debug|Any CPU
		{9E0CCCDE-98A0-4E43-A00E-0D4A31EFE9C4}.Debug|Any CPU.Build.0 = Debug|Any CPU
		{9E0CCCDE-98A0-4E43-A00E-0D4A31EFE9C4}.Debug|x64.ActiveCfg = Debug|Any CPU
		{9E0CCCDE-98A0-4E43-A00E-0D4A31EFE9C4}.Debug|x64.Build.0 = Debug|Any CPU
		{9E0CCCDE-98A0-4E43-A00E-0D4A31EFE9C4}.Debug|x86.ActiveCfg = Debug|Any CPU
		{9E0CCCDE-98A0-4E43-A00E-0D4A31EFE9C4}.Debug|x86.Build.0 = Debug|Any CPU
		{9E0CCCDE-98A0-4E43-A00E-0D4A31EFE9C4}.Release|Any CPU.ActiveCfg = Release|Any CPU
		{9E0CCCDE-98A0-4E43-A00E-0D4A31EFE9C4}.Release|Any CPU.Build.0 = Release|Any CPU
		{9E0CCCDE-98A0-4E43-A00E-0D4A31EFE9C4}.Release|x64.ActiveCfg = Release|Any CPU
		{9E0CCCDE-98A0-4E43-A00E-0D4A31EFE9C4}.Release|x64.Build.0 = Release|Any CPU
		{9E0CCCDE-98A0-4E43-A00E-0D4A31EFE9C4}.Release|x86.ActiveCfg = Release|Any CPU
		{9E0CCCDE-98A0-4E43-A00E-0D4A31EFE9C4}.Release|x86.Build.0 = Release|Any CPU
		{CB1BCAB9-8F81-45DB-9D26-A97232F9985C}.Debug|Any CPU.ActiveCfg = Debug|Any CPU
		{CB1BCAB9-8F81-45DB-9D26-A97232F9985C}.Debug|Any CPU.Build.0 = Debug|Any CPU
		{CB1BCAB9-8F81-45DB-9D26-A97232F9985C}.Debug|x64.ActiveCfg = Debug|Any CPU
		{CB1BCAB9-8F81-45DB-9D26-A97232F9985C}.Debug|x64.Build.0 = Debug|Any CPU
		{CB1BCAB9-8F81-45DB-9D26-A97232F9985C}.Debug|x86.ActiveCfg = Debug|Any CPU
		{CB1BCAB9-8F81-45DB-9D26-A97232F9985C}.Debug|x86.Build.0 = Debug|Any CPU
		{CB1BCAB9-8F81-45DB-9D26-A97232F9985C}.Release|Any CPU.ActiveCfg = Release|Any CPU
		{CB1BCAB9-8F81-45DB-9D26-A97232F9985C}.Release|Any CPU.Build.0 = Release|Any CPU
		{CB1BCAB9-8F81-45DB-9D26-A97232F9985C}.Release|x64.ActiveCfg = Release|Any CPU
		{CB1BCAB9-8F81-45DB-9D26-A97232F9985C}.Release|x64.Build.0 = Release|Any CPU
		{CB1BCAB9-8F81-45DB-9D26-A97232F9985C}.Release|x86.ActiveCfg = Release|Any CPU
		{CB1BCAB9-8F81-45DB-9D26-A97232F9985C}.Release|x86.Build.0 = Release|Any CPU
		{25E5F043-15CC-4ABD-AB83-BD4FA1623EA0}.Debug|Any CPU.ActiveCfg = Debug|Any CPU
		{25E5F043-15CC-4ABD-AB83-BD4FA1623EA0}.Debug|Any CPU.Build.0 = Debug|Any CPU
		{25E5F043-15CC-4ABD-AB83-BD4FA1623EA0}.Debug|x64.ActiveCfg = Debug|Any CPU
		{25E5F043-15CC-4ABD-AB83-BD4FA1623EA0}.Debug|x64.Build.0 = Debug|Any CPU
		{25E5F043-15CC-4ABD-AB83-BD4FA1623EA0}.Debug|x86.ActiveCfg = Debug|Any CPU
		{25E5F043-15CC-4ABD-AB83-BD4FA1623EA0}.Debug|x86.Build.0 = Debug|Any CPU
		{25E5F043-15CC-4ABD-AB83-BD4FA1623EA0}.Release|Any CPU.ActiveCfg = Release|Any CPU
		{25E5F043-15CC-4ABD-AB83-BD4FA1623EA0}.Release|Any CPU.Build.0 = Release|Any CPU
		{25E5F043-15CC-4ABD-AB83-BD4FA1623EA0}.Release|x64.ActiveCfg = Release|Any CPU
		{25E5F043-15CC-4ABD-AB83-BD4FA1623EA0}.Release|x64.Build.0 = Release|Any CPU
		{25E5F043-15CC-4ABD-AB83-BD4FA1623EA0}.Release|x86.ActiveCfg = Release|Any CPU
		{25E5F043-15CC-4ABD-AB83-BD4FA1623EA0}.Release|x86.Build.0 = Release|Any CPU
		{02DA8D17-E2D4-4E5F-B45D-4781257F9F57}.Debug|Any CPU.ActiveCfg = Debug|Any CPU
		{02DA8D17-E2D4-4E5F-B45D-4781257F9F57}.Debug|Any CPU.Build.0 = Debug|Any CPU
		{02DA8D17-E2D4-4E5F-B45D-4781257F9F57}.Debug|x64.ActiveCfg = Debug|Any CPU
		{02DA8D17-E2D4-4E5F-B45D-4781257F9F57}.Debug|x64.Build.0 = Debug|Any CPU
		{02DA8D17-E2D4-4E5F-B45D-4781257F9F57}.Debug|x86.ActiveCfg = Debug|Any CPU
		{02DA8D17-E2D4-4E5F-B45D-4781257F9F57}.Debug|x86.Build.0 = Debug|Any CPU
		{02DA8D17-E2D4-4E5F-B45D-4781257F9F57}.Release|Any CPU.ActiveCfg = Release|Any CPU
		{02DA8D17-E2D4-4E5F-B45D-4781257F9F57}.Release|Any CPU.Build.0 = Release|Any CPU
		{02DA8D17-E2D4-4E5F-B45D-4781257F9F57}.Release|x64.ActiveCfg = Release|Any CPU
		{02DA8D17-E2D4-4E5F-B45D-4781257F9F57}.Release|x64.Build.0 = Release|Any CPU
		{02DA8D17-E2D4-4E5F-B45D-4781257F9F57}.Release|x86.ActiveCfg = Release|Any CPU
		{02DA8D17-E2D4-4E5F-B45D-4781257F9F57}.Release|x86.Build.0 = Release|Any CPU
		{91CDBF6C-1F95-4E89-8920-07497E413A89}.Debug|Any CPU.ActiveCfg = Debug|Any CPU
		{91CDBF6C-1F95-4E89-8920-07497E413A89}.Debug|Any CPU.Build.0 = Debug|Any CPU
		{91CDBF6C-1F95-4E89-8920-07497E413A89}.Debug|x64.ActiveCfg = Debug|Any CPU
		{91CDBF6C-1F95-4E89-8920-07497E413A89}.Debug|x64.Build.0 = Debug|Any CPU
		{91CDBF6C-1F95-4E89-8920-07497E413A89}.Debug|x86.ActiveCfg = Debug|Any CPU
		{91CDBF6C-1F95-4E89-8920-07497E413A89}.Debug|x86.Build.0 = Debug|Any CPU
		{91CDBF6C-1F95-4E89-8920-07497E413A89}.Release|Any CPU.ActiveCfg = Release|Any CPU
		{91CDBF6C-1F95-4E89-8920-07497E413A89}.Release|Any CPU.Build.0 = Release|Any CPU
		{91CDBF6C-1F95-4E89-8920-07497E413A89}.Release|x64.ActiveCfg = Release|Any CPU
		{91CDBF6C-1F95-4E89-8920-07497E413A89}.Release|x64.Build.0 = Release|Any CPU
		{91CDBF6C-1F95-4E89-8920-07497E413A89}.Release|x86.ActiveCfg = Release|Any CPU
		{91CDBF6C-1F95-4E89-8920-07497E413A89}.Release|x86.Build.0 = Release|Any CPU
		{11DC2B8D-5D4D-4807-B8EC-F1E25815A47F}.Debug|Any CPU.ActiveCfg = Debug|Any CPU
		{11DC2B8D-5D4D-4807-B8EC-F1E25815A47F}.Debug|Any CPU.Build.0 = Debug|Any CPU
		{11DC2B8D-5D4D-4807-B8EC-F1E25815A47F}.Debug|x64.ActiveCfg = Debug|Any CPU
		{11DC2B8D-5D4D-4807-B8EC-F1E25815A47F}.Debug|x64.Build.0 = Debug|Any CPU
		{11DC2B8D-5D4D-4807-B8EC-F1E25815A47F}.Debug|x86.ActiveCfg = Debug|Any CPU
		{11DC2B8D-5D4D-4807-B8EC-F1E25815A47F}.Debug|x86.Build.0 = Debug|Any CPU
		{11DC2B8D-5D4D-4807-B8EC-F1E25815A47F}.Release|Any CPU.ActiveCfg = Release|Any CPU
		{11DC2B8D-5D4D-4807-B8EC-F1E25815A47F}.Release|Any CPU.Build.0 = Release|Any CPU
		{11DC2B8D-5D4D-4807-B8EC-F1E25815A47F}.Release|x64.ActiveCfg = Release|Any CPU
		{11DC2B8D-5D4D-4807-B8EC-F1E25815A47F}.Release|x64.Build.0 = Release|Any CPU
		{11DC2B8D-5D4D-4807-B8EC-F1E25815A47F}.Release|x86.ActiveCfg = Release|Any CPU
		{11DC2B8D-5D4D-4807-B8EC-F1E25815A47F}.Release|x86.Build.0 = Release|Any CPU
		{A257A078-8209-47BC-8A25-1166781900DB}.Debug|Any CPU.ActiveCfg = Debug|Any CPU
		{A257A078-8209-47BC-8A25-1166781900DB}.Debug|Any CPU.Build.0 = Debug|Any CPU
		{A257A078-8209-47BC-8A25-1166781900DB}.Debug|x64.ActiveCfg = Debug|Any CPU
		{A257A078-8209-47BC-8A25-1166781900DB}.Debug|x64.Build.0 = Debug|Any CPU
		{A257A078-8209-47BC-8A25-1166781900DB}.Debug|x86.ActiveCfg = Debug|Any CPU
		{A257A078-8209-47BC-8A25-1166781900DB}.Debug|x86.Build.0 = Debug|Any CPU
		{A257A078-8209-47BC-8A25-1166781900DB}.Release|Any CPU.ActiveCfg = Release|Any CPU
		{A257A078-8209-47BC-8A25-1166781900DB}.Release|Any CPU.Build.0 = Release|Any CPU
		{A257A078-8209-47BC-8A25-1166781900DB}.Release|x64.ActiveCfg = Release|Any CPU
		{A257A078-8209-47BC-8A25-1166781900DB}.Release|x64.Build.0 = Release|Any CPU
		{A257A078-8209-47BC-8A25-1166781900DB}.Release|x86.ActiveCfg = Release|Any CPU
		{A257A078-8209-47BC-8A25-1166781900DB}.Release|x86.Build.0 = Release|Any CPU
		{71715061-D1F5-4F0A-AA65-7D7034B70217}.Debug|Any CPU.ActiveCfg = Debug|Any CPU
		{71715061-D1F5-4F0A-AA65-7D7034B70217}.Debug|Any CPU.Build.0 = Debug|Any CPU
		{71715061-D1F5-4F0A-AA65-7D7034B70217}.Debug|x64.ActiveCfg = Debug|Any CPU
		{71715061-D1F5-4F0A-AA65-7D7034B70217}.Debug|x64.Build.0 = Debug|Any CPU
		{71715061-D1F5-4F0A-AA65-7D7034B70217}.Debug|x86.ActiveCfg = Debug|Any CPU
		{71715061-D1F5-4F0A-AA65-7D7034B70217}.Debug|x86.Build.0 = Debug|Any CPU
		{71715061-D1F5-4F0A-AA65-7D7034B70217}.Release|Any CPU.ActiveCfg = Release|Any CPU
		{71715061-D1F5-4F0A-AA65-7D7034B70217}.Release|Any CPU.Build.0 = Release|Any CPU
		{71715061-D1F5-4F0A-AA65-7D7034B70217}.Release|x64.ActiveCfg = Release|Any CPU
		{71715061-D1F5-4F0A-AA65-7D7034B70217}.Release|x64.Build.0 = Release|Any CPU
		{71715061-D1F5-4F0A-AA65-7D7034B70217}.Release|x86.ActiveCfg = Release|Any CPU
		{71715061-D1F5-4F0A-AA65-7D7034B70217}.Release|x86.Build.0 = Release|Any CPU
		{93201416-07CE-4F7E-8570-E619B12246F3}.Debug|Any CPU.ActiveCfg = Debug|Any CPU
		{93201416-07CE-4F7E-8570-E619B12246F3}.Debug|Any CPU.Build.0 = Debug|Any CPU
		{93201416-07CE-4F7E-8570-E619B12246F3}.Debug|x64.ActiveCfg = Debug|Any CPU
		{93201416-07CE-4F7E-8570-E619B12246F3}.Debug|x64.Build.0 = Debug|Any CPU
		{93201416-07CE-4F7E-8570-E619B12246F3}.Debug|x86.ActiveCfg = Debug|Any CPU
		{93201416-07CE-4F7E-8570-E619B12246F3}.Debug|x86.Build.0 = Debug|Any CPU
		{93201416-07CE-4F7E-8570-E619B12246F3}.Release|Any CPU.ActiveCfg = Release|Any CPU
		{93201416-07CE-4F7E-8570-E619B12246F3}.Release|Any CPU.Build.0 = Release|Any CPU
		{93201416-07CE-4F7E-8570-E619B12246F3}.Release|x64.ActiveCfg = Release|Any CPU
		{93201416-07CE-4F7E-8570-E619B12246F3}.Release|x64.Build.0 = Release|Any CPU
		{93201416-07CE-4F7E-8570-E619B12246F3}.Release|x86.ActiveCfg = Release|Any CPU
		{93201416-07CE-4F7E-8570-E619B12246F3}.Release|x86.Build.0 = Release|Any CPU
		{F231528F-D399-4D98-A2B7-653841055C4C}.Debug|Any CPU.ActiveCfg = Debug|Any CPU
		{F231528F-D399-4D98-A2B7-653841055C4C}.Debug|Any CPU.Build.0 = Debug|Any CPU
		{F231528F-D399-4D98-A2B7-653841055C4C}.Debug|x64.ActiveCfg = Debug|Any CPU
		{F231528F-D399-4D98-A2B7-653841055C4C}.Debug|x64.Build.0 = Debug|Any CPU
		{F231528F-D399-4D98-A2B7-653841055C4C}.Debug|x86.ActiveCfg = Debug|Any CPU
		{F231528F-D399-4D98-A2B7-653841055C4C}.Debug|x86.Build.0 = Debug|Any CPU
		{F231528F-D399-4D98-A2B7-653841055C4C}.Release|Any CPU.ActiveCfg = Release|Any CPU
		{F231528F-D399-4D98-A2B7-653841055C4C}.Release|Any CPU.Build.0 = Release|Any CPU
		{F231528F-D399-4D98-A2B7-653841055C4C}.Release|x64.ActiveCfg = Release|Any CPU
		{F231528F-D399-4D98-A2B7-653841055C4C}.Release|x64.Build.0 = Release|Any CPU
		{F231528F-D399-4D98-A2B7-653841055C4C}.Release|x86.ActiveCfg = Release|Any CPU
		{F231528F-D399-4D98-A2B7-653841055C4C}.Release|x86.Build.0 = Release|Any CPU
		{D15EB5CB-0C69-4890-BF51-3720CD164A22}.Debug|Any CPU.ActiveCfg = Debug|Any CPU
		{D15EB5CB-0C69-4890-BF51-3720CD164A22}.Debug|Any CPU.Build.0 = Debug|Any CPU
		{D15EB5CB-0C69-4890-BF51-3720CD164A22}.Debug|x64.ActiveCfg = Debug|Any CPU
		{D15EB5CB-0C69-4890-BF51-3720CD164A22}.Debug|x64.Build.0 = Debug|Any CPU
		{D15EB5CB-0C69-4890-BF51-3720CD164A22}.Debug|x86.ActiveCfg = Debug|Any CPU
		{D15EB5CB-0C69-4890-BF51-3720CD164A22}.Debug|x86.Build.0 = Debug|Any CPU
		{D15EB5CB-0C69-4890-BF51-3720CD164A22}.Release|Any CPU.ActiveCfg = Release|Any CPU
		{D15EB5CB-0C69-4890-BF51-3720CD164A22}.Release|Any CPU.Build.0 = Release|Any CPU
		{D15EB5CB-0C69-4890-BF51-3720CD164A22}.Release|x64.ActiveCfg = Release|Any CPU
		{D15EB5CB-0C69-4890-BF51-3720CD164A22}.Release|x64.Build.0 = Release|Any CPU
		{D15EB5CB-0C69-4890-BF51-3720CD164A22}.Release|x86.ActiveCfg = Release|Any CPU
		{D15EB5CB-0C69-4890-BF51-3720CD164A22}.Release|x86.Build.0 = Release|Any CPU
		{ED72D097-62BB-44F2-9B67-DE56855F0FE0}.Debug|Any CPU.ActiveCfg = Debug|Any CPU
		{ED72D097-62BB-44F2-9B67-DE56855F0FE0}.Debug|Any CPU.Build.0 = Debug|Any CPU
		{ED72D097-62BB-44F2-9B67-DE56855F0FE0}.Debug|x64.ActiveCfg = Debug|Any CPU
		{ED72D097-62BB-44F2-9B67-DE56855F0FE0}.Debug|x64.Build.0 = Debug|Any CPU
		{ED72D097-62BB-44F2-9B67-DE56855F0FE0}.Debug|x86.ActiveCfg = Debug|Any CPU
		{ED72D097-62BB-44F2-9B67-DE56855F0FE0}.Debug|x86.Build.0 = Debug|Any CPU
		{ED72D097-62BB-44F2-9B67-DE56855F0FE0}.Release|Any CPU.ActiveCfg = Release|Any CPU
		{ED72D097-62BB-44F2-9B67-DE56855F0FE0}.Release|Any CPU.Build.0 = Release|Any CPU
		{ED72D097-62BB-44F2-9B67-DE56855F0FE0}.Release|x64.ActiveCfg = Release|Any CPU
		{ED72D097-62BB-44F2-9B67-DE56855F0FE0}.Release|x64.Build.0 = Release|Any CPU
		{ED72D097-62BB-44F2-9B67-DE56855F0FE0}.Release|x86.ActiveCfg = Release|Any CPU
		{ED72D097-62BB-44F2-9B67-DE56855F0FE0}.Release|x86.Build.0 = Release|Any CPU
		{68CC1F64-7E0E-47F9-B691-77C6718E134D}.Debug|Any CPU.ActiveCfg = Debug|Any CPU
		{68CC1F64-7E0E-47F9-B691-77C6718E134D}.Debug|Any CPU.Build.0 = Debug|Any CPU
		{68CC1F64-7E0E-47F9-B691-77C6718E134D}.Debug|x64.ActiveCfg = Debug|Any CPU
		{68CC1F64-7E0E-47F9-B691-77C6718E134D}.Debug|x64.Build.0 = Debug|Any CPU
		{68CC1F64-7E0E-47F9-B691-77C6718E134D}.Debug|x86.ActiveCfg = Debug|Any CPU
		{68CC1F64-7E0E-47F9-B691-77C6718E134D}.Debug|x86.Build.0 = Debug|Any CPU
		{68CC1F64-7E0E-47F9-B691-77C6718E134D}.Release|Any CPU.ActiveCfg = Release|Any CPU
		{68CC1F64-7E0E-47F9-B691-77C6718E134D}.Release|Any CPU.Build.0 = Release|Any CPU
		{68CC1F64-7E0E-47F9-B691-77C6718E134D}.Release|x64.ActiveCfg = Release|Any CPU
		{68CC1F64-7E0E-47F9-B691-77C6718E134D}.Release|x64.Build.0 = Release|Any CPU
		{68CC1F64-7E0E-47F9-B691-77C6718E134D}.Release|x86.ActiveCfg = Release|Any CPU
		{68CC1F64-7E0E-47F9-B691-77C6718E134D}.Release|x86.Build.0 = Release|Any CPU
		{1D0AF5D1-DD03-4ED3-9E86-7E0397B8D45A}.Debug|Any CPU.ActiveCfg = Debug|Any CPU
		{1D0AF5D1-DD03-4ED3-9E86-7E0397B8D45A}.Debug|Any CPU.Build.0 = Debug|Any CPU
		{1D0AF5D1-DD03-4ED3-9E86-7E0397B8D45A}.Debug|x64.ActiveCfg = Debug|Any CPU
		{1D0AF5D1-DD03-4ED3-9E86-7E0397B8D45A}.Debug|x64.Build.0 = Debug|Any CPU
		{1D0AF5D1-DD03-4ED3-9E86-7E0397B8D45A}.Debug|x86.ActiveCfg = Debug|Any CPU
		{1D0AF5D1-DD03-4ED3-9E86-7E0397B8D45A}.Debug|x86.Build.0 = Debug|Any CPU
		{1D0AF5D1-DD03-4ED3-9E86-7E0397B8D45A}.Release|Any CPU.ActiveCfg = Release|Any CPU
		{1D0AF5D1-DD03-4ED3-9E86-7E0397B8D45A}.Release|Any CPU.Build.0 = Release|Any CPU
		{1D0AF5D1-DD03-4ED3-9E86-7E0397B8D45A}.Release|x64.ActiveCfg = Release|Any CPU
		{1D0AF5D1-DD03-4ED3-9E86-7E0397B8D45A}.Release|x64.Build.0 = Release|Any CPU
		{1D0AF5D1-DD03-4ED3-9E86-7E0397B8D45A}.Release|x86.ActiveCfg = Release|Any CPU
		{1D0AF5D1-DD03-4ED3-9E86-7E0397B8D45A}.Release|x86.Build.0 = Release|Any CPU
	EndGlobalSection
	GlobalSection(SolutionProperties) = preSolution
		HideSolutionNode = FALSE
	EndGlobalSection
	GlobalSection(NestedProjects) = preSolution
		{E12A579A-FC4D-036E-FC04-65A50936A0DE} = {FBF56CC3-7AE6-AD2D-3F14-7F97FD322CD6}
		{CB1BCAB9-8F81-45DB-9D26-A97232F9985C} = {E12A579A-FC4D-036E-FC04-65A50936A0DE}
		{25E5F043-15CC-4ABD-AB83-BD4FA1623EA0} = {E12A579A-FC4D-036E-FC04-65A50936A0DE}
		{BF9E48C0-540A-8659-238F-508DAA36C929} = {FBF56CC3-7AE6-AD2D-3F14-7F97FD322CD6}
		{02DA8D17-E2D4-4E5F-B45D-4781257F9F57} = {BF9E48C0-540A-8659-238F-508DAA36C929}
		{91CDBF6C-1F95-4E89-8920-07497E413A89} = {BF9E48C0-540A-8659-238F-508DAA36C929}
		{619D0779-12AD-93E9-9F71-8F763DE1FC31} = {FBF56CC3-7AE6-AD2D-3F14-7F97FD322CD6}
		{0E4B76DB-2928-D2DB-50E7-675EC558DD98} = {619D0779-12AD-93E9-9F71-8F763DE1FC31}
		{11DC2B8D-5D4D-4807-B8EC-F1E25815A47F} = {0E4B76DB-2928-D2DB-50E7-675EC558DD98}
		{91A7548F-05EA-7896-024B-6AB04DE2FD94} = {FBF56CC3-7AE6-AD2D-3F14-7F97FD322CD6}
		{CBEE9053-C2C5-5643-D2B0-60D4834AB7A5} = {91A7548F-05EA-7896-024B-6AB04DE2FD94}
		{A257A078-8209-47BC-8A25-1166781900DB} = {CBEE9053-C2C5-5643-D2B0-60D4834AB7A5}
		{893DE683-2FE6-C899-4E91-2339C7704BB2} = {91A7548F-05EA-7896-024B-6AB04DE2FD94}
		{71715061-D1F5-4F0A-AA65-7D7034B70217} = {893DE683-2FE6-C899-4E91-2339C7704BB2}
		{58BB8306-9DA0-86C6-6588-4C1B93D37A3C} = {91A7548F-05EA-7896-024B-6AB04DE2FD94}
		{93201416-07CE-4F7E-8570-E619B12246F3} = {58BB8306-9DA0-86C6-6588-4C1B93D37A3C}
		{5437001E-71C5-7795-427E-12516BF3DE48} = {91A7548F-05EA-7896-024B-6AB04DE2FD94}
		{F231528F-D399-4D98-A2B7-653841055C4C} = {5437001E-71C5-7795-427E-12516BF3DE48}
		{D15EB5CB-0C69-4890-BF51-3720CD164A22} = {5437001E-71C5-7795-427E-12516BF3DE48}
		{ED72D097-62BB-44F2-9B67-DE56855F0FE0} = {5437001E-71C5-7795-427E-12516BF3DE48}
		{86927433-4498-5B57-4B9A-98E7BAB0594A} = {FBF56CC3-7AE6-AD2D-3F14-7F97FD322CD6}
		{68CC1F64-7E0E-47F9-B691-77C6718E134D} = {86927433-4498-5B57-4B9A-98E7BAB0594A}
		{1D0AF5D1-DD03-4ED3-9E86-7E0397B8D45A} = {86927433-4498-5B57-4B9A-98E7BAB0594A}
	EndGlobalSection
	GlobalSection(ExtensibilityGlobals) = postSolution
		SolutionGuid = {A7663D41-4B10-4C44-BB2F-6CAE7A3BB649}
	EndGlobalSection
EndGlobal
